uuid: 57099486-3b56-4e1b-8ca9-cb7242bd06f9
langcode: en
status: true
dependencies:
  module:
    - react_example
  theme:
    - react_example_theme
id: reactexampleblock
theme: react_example_theme
region: sidebar_second
weight: 0
provider: null
plugin: react_example_block
settings:
  id: react_example_block
  label: 'React example block'
  label_display: visible
  provider: react_example
visibility: {  }
